
Microsoft Visual Studio Solution File, Format Version 12.00
# Visual Studio 15
VisualStudioVersion = 15.0.28307.271
MinimumVisualStudioVersion = 10.0.40219.1
Project("{F184B08F-C81C-45F6-A57F-5ABD9991F28F}") = "Backend", "Backend\Backend.vbproj", "{AB8190E2-E029-4E46-B1E5-A37596C4105B}"
EndProject
Project("{F184B08F-C81C-45F6-A57F-5ABD9991F28F}") = "Frontend", "Frontend\Frontend.vbproj", "{79EF2ECF-24D0-4969-8597-D4CF139F1D62}"
EndProject
Project("{54435603-DBB4-11D2-8724-00A0C9A8B90C}") = "Installer_sistema", "Installer_sistema\Installer_sistema.vdproj", "{2D25F76F-65A9-4F61-8660-73EB9287ACB3}"
EndProject
Project("{F184B08F-C81C-45F6-A57F-5ABD9991F28F}") = "ProduccionCorte", "ProduccionCorte\ProduccionCorte.vbproj", "{4C543844-3338-421C-B403-EF60B94C0BAD}"
EndProject
Project("{F184B08F-C81C-45F6-A57F-5ABD9991F28F}") = "ProduccionPulida", "ProduccionPulida\ProduccionPulida.vbproj", "{B1E1C3C0-8273-4BA2-804F-C5E9E50525B8}"
EndProject
Project("{F184B08F-C81C-45F6-A57F-5ABD9991F28F}") = "ProduccionMarcado", "ProduccionMarcado\ProduccionMarcado.vbproj", "{2433919B-081F-4EFE-9DD1-98A48E2C7366}"
EndProject
Project("{F184B08F-C81C-45F6-A57F-5ABD9991F28F}") = "ProduccionTemplado", "ProduccionTemplado\ProduccionTemplado.vbproj", "{FD9C7B29-A0C9-4ECD-A52C-F4F6658052F6}"
EndProject
Project("{F184B08F-C81C-45F6-A57F-5ABD9991F28F}") = "WebService", "WebService\WebService.vbproj", "{78E70A9D-D8BD-41B8-8FA6-A011E454CC6E}"
EndProject
Project("{F184B08F-C81C-45F6-A57F-5ABD9991F28F}") = "Correo", "Correo\Correo.vbproj", "{0B77D03A-D11E-4A37-B400-E4E3440A0E8F}"
EndProject
Global
	GlobalSection(SolutionConfigurationPlatforms) = preSolution
		Debug|Any CPU = Debug|Any CPU
		Debug|x86 = Debug|x86
		Release|Any CPU = Release|Any CPU
		Release|x86 = Release|x86
	EndGlobalSection
	GlobalSection(ProjectConfigurationPlatforms) = postSolution
		{AB8190E2-E029-4E46-B1E5-A37596C4105B}.Debug|Any CPU.ActiveCfg = Debug|Any CPU
		{AB8190E2-E029-4E46-B1E5-A37596C4105B}.Debug|Any CPU.Build.0 = Debug|Any CPU
		{AB8190E2-E029-4E46-B1E5-A37596C4105B}.Debug|x86.ActiveCfg = Debug|x86
		{AB8190E2-E029-4E46-B1E5-A37596C4105B}.Debug|x86.Build.0 = Debug|x86
		{AB8190E2-E029-4E46-B1E5-A37596C4105B}.Release|Any CPU.ActiveCfg = Release|Any CPU
		{AB8190E2-E029-4E46-B1E5-A37596C4105B}.Release|Any CPU.Build.0 = Release|Any CPU
		{AB8190E2-E029-4E46-B1E5-A37596C4105B}.Release|x86.ActiveCfg = Release|x86
		{AB8190E2-E029-4E46-B1E5-A37596C4105B}.Release|x86.Build.0 = Release|x86
		{79EF2ECF-24D0-4969-8597-D4CF139F1D62}.Debug|Any CPU.ActiveCfg = Debug|Any CPU
		{79EF2ECF-24D0-4969-8597-D4CF139F1D62}.Debug|Any CPU.Build.0 = Debug|Any CPU
		{79EF2ECF-24D0-4969-8597-D4CF139F1D62}.Debug|x86.ActiveCfg = Debug|x86
		{79EF2ECF-24D0-4969-8597-D4CF139F1D62}.Debug|x86.Build.0 = Debug|x86
		{79EF2ECF-24D0-4969-8597-D4CF139F1D62}.Release|Any CPU.ActiveCfg = Release|Any CPU
		{79EF2ECF-24D0-4969-8597-D4CF139F1D62}.Release|Any CPU.Build.0 = Release|Any CPU
		{79EF2ECF-24D0-4969-8597-D4CF139F1D62}.Release|x86.ActiveCfg = Release|x86
		{79EF2ECF-24D0-4969-8597-D4CF139F1D62}.Release|x86.Build.0 = Release|x86
		{2D25F76F-65A9-4F61-8660-73EB9287ACB3}.Debug|Any CPU.ActiveCfg = Debug
		{2D25F76F-65A9-4F61-8660-73EB9287ACB3}.Debug|x86.ActiveCfg = Debug
		{2D25F76F-65A9-4F61-8660-73EB9287ACB3}.Debug|x86.Build.0 = Debug
		{2D25F76F-65A9-4F61-8660-73EB9287ACB3}.Release|Any CPU.ActiveCfg = Release
		{2D25F76F-65A9-4F61-8660-73EB9287ACB3}.Release|x86.ActiveCfg = Release
		{2D25F76F-65A9-4F61-8660-73EB9287ACB3}.Release|x86.Build.0 = Release
		{4C543844-3338-421C-B403-EF60B94C0BAD}.Debug|Any CPU.ActiveCfg = Debug|Any CPU
		{4C543844-3338-421C-B403-EF60B94C0BAD}.Debug|Any CPU.Build.0 = Debug|Any CPU
		{4C543844-3338-421C-B403-EF60B94C0BAD}.Debug|x86.ActiveCfg = Debug|x86
		{4C543844-3338-421C-B403-EF60B94C0BAD}.Debug|x86.Build.0 = Debug|x86
		{4C543844-3338-421C-B403-EF60B94C0BAD}.Release|Any CPU.ActiveCfg = Release|Any CPU
		{4C543844-3338-421C-B403-EF60B94C0BAD}.Release|Any CPU.Build.0 = Release|Any CPU
		{4C543844-3338-421C-B403-EF60B94C0BAD}.Release|x86.ActiveCfg = Release|x86
		{4C543844-3338-421C-B403-EF60B94C0BAD}.Release|x86.Build.0 = Release|x86
		{B1E1C3C0-8273-4BA2-804F-C5E9E50525B8}.Debug|Any CPU.ActiveCfg = Debug|Any CPU
		{B1E1C3C0-8273-4BA2-804F-C5E9E50525B8}.Debug|Any CPU.Build.0 = Debug|Any CPU
		{B1E1C3C0-8273-4BA2-804F-C5E9E50525B8}.Debug|x86.ActiveCfg = Debug|x86
		{B1E1C3C0-8273-4BA2-804F-C5E9E50525B8}.Debug|x86.Build.0 = Debug|x86
		{B1E1C3C0-8273-4BA2-804F-C5E9E50525B8}.Release|Any CPU.ActiveCfg = Release|Any CPU
		{B1E1C3C0-8273-4BA2-804F-C5E9E50525B8}.Release|Any CPU.Build.0 = Release|Any CPU
		{B1E1C3C0-8273-4BA2-804F-C5E9E50525B8}.Release|x86.ActiveCfg = Release|x86
		{B1E1C3C0-8273-4BA2-804F-C5E9E50525B8}.Release|x86.Build.0 = Release|x86
		{2433919B-081F-4EFE-9DD1-98A48E2C7366}.Debug|Any CPU.ActiveCfg = Debug|Any CPU
		{2433919B-081F-4EFE-9DD1-98A48E2C7366}.Debug|Any CPU.Build.0 = Debug|Any CPU
		{2433919B-081F-4EFE-9DD1-98A48E2C7366}.Debug|x86.ActiveCfg = Debug|x86
		{2433919B-081F-4EFE-9DD1-98A48E2C7366}.Debug|x86.Build.0 = Debug|x86
		{2433919B-081F-4EFE-9DD1-98A48E2C7366}.Release|Any CPU.ActiveCfg = Release|Any CPU
		{2433919B-081F-4EFE-9DD1-98A48E2C7366}.Release|Any CPU.Build.0 = Release|Any CPU
		{2433919B-081F-4EFE-9DD1-98A48E2C7366}.Release|x86.ActiveCfg = Release|x86
		{2433919B-081F-4EFE-9DD1-98A48E2C7366}.Release|x86.Build.0 = Release|x86
		{FD9C7B29-A0C9-4ECD-A52C-F4F6658052F6}.Debug|Any CPU.ActiveCfg = Debug|Any CPU
		{FD9C7B29-A0C9-4ECD-A52C-F4F6658052F6}.Debug|Any CPU.Build.0 = Debug|Any CPU
		{FD9C7B29-A0C9-4ECD-A52C-F4F6658052F6}.Debug|x86.ActiveCfg = Debug|x86
		{FD9C7B29-A0C9-4ECD-A52C-F4F6658052F6}.Debug|x86.Build.0 = Debug|x86
		{FD9C7B29-A0C9-4ECD-A52C-F4F6658052F6}.Release|Any CPU.ActiveCfg = Release|Any CPU
		{FD9C7B29-A0C9-4ECD-A52C-F4F6658052F6}.Release|Any CPU.Build.0 = Release|Any CPU
		{FD9C7B29-A0C9-4ECD-A52C-F4F6658052F6}.Release|x86.ActiveCfg = Release|x86
		{FD9C7B29-A0C9-4ECD-A52C-F4F6658052F6}.Release|x86.Build.0 = Release|x86
		{78E70A9D-D8BD-41B8-8FA6-A011E454CC6E}.Debug|Any CPU.ActiveCfg = Debug|Any CPU
		{78E70A9D-D8BD-41B8-8FA6-A011E454CC6E}.Debug|Any CPU.Build.0 = Debug|Any CPU
		{78E70A9D-D8BD-41B8-8FA6-A011E454CC6E}.Debug|x86.ActiveCfg = Debug|x86
		{78E70A9D-D8BD-41B8-8FA6-A011E454CC6E}.Debug|x86.Build.0 = Debug|x86
		{78E70A9D-D8BD-41B8-8FA6-A011E454CC6E}.Release|Any CPU.ActiveCfg = Release|Any CPU
		{78E70A9D-D8BD-41B8-8FA6-A011E454CC6E}.Release|Any CPU.Build.0 = Release|Any CPU
		{78E70A9D-D8BD-41B8-8FA6-A011E454CC6E}.Release|x86.ActiveCfg = Release|x86
		{78E70A9D-D8BD-41B8-8FA6-A011E454CC6E}.Release|x86.Build.0 = Release|x86
		{0B77D03A-D11E-4A37-B400-E4E3440A0E8F}.Debug|Any CPU.ActiveCfg = Debug|Any CPU
		{0B77D03A-D11E-4A37-B400-E4E3440A0E8F}.Debug|Any CPU.Build.0 = Debug|Any CPU
		{0B77D03A-D11E-4A37-B400-E4E3440A0E8F}.Debug|x86.ActiveCfg = Debug|x86
		{0B77D03A-D11E-4A37-B400-E4E3440A0E8F}.Debug|x86.Build.0 = Debug|x86
		{0B77D03A-D11E-4A37-B400-E4E3440A0E8F}.Release|Any CPU.ActiveCfg = Release|Any CPU
		{0B77D03A-D11E-4A37-B400-E4E3440A0E8F}.Release|Any CPU.Build.0 = Release|Any CPU
		{0B77D03A-D11E-4A37-B400-E4E3440A0E8F}.Release|x86.ActiveCfg = Release|x86
		{0B77D03A-D11E-4A37-B400-E4E3440A0E8F}.Release|x86.Build.0 = Release|x86
	EndGlobalSection
	GlobalSection(SolutionProperties) = preSolution
		HideSolutionNode = FALSE
	EndGlobalSection
	GlobalSection(ExtensibilityGlobals) = postSolution
		SolutionGuid = {0F894951-B653-42DA-8BA4-4C340E489498}
	EndGlobalSection
EndGlobal
